
Microsoft Visual Studio Solution File, Format Version 12.00
# Visual Studio Version 17
VisualStudioVersion = 17.8.34511.84
MinimumVisualStudioVersion = 10.0.40219.1
Project("{FAE04EC0-301F-11D3-BF4B-00C04F79EFBC}") = "GUIApp.MysticTodo", "GUIApp.MysticTodo\GUIApp.MysticTodo.csproj", "{2C8937C0-EA72-42FE-83C3-76F84F44BAB4}"
EndProject
Project("{9A19103F-16F7-4668-BE54-9A1E7A4F7556}") = "WebAppRedo", "WebAppRedo\WebAppRedo.csproj", "{655B263C-00E2-444B-8444-C86DAC81C1F2}"
EndProject
Global
	GlobalSection(SolutionConfigurationPlatforms) = preSolution
		Debug|Any CPU = Debug|Any CPU
		Release|Any CPU = Release|Any CPU
	EndGlobalSection
	GlobalSection(ProjectConfigurationPlatforms) = postSolution
		{2C8937C0-EA72-42FE-83C3-76F84F44BAB4}.Debug|Any CPU.ActiveCfg = Debug|Any CPU
		{2C8937C0-EA72-42FE-83C3-76F84F44BAB4}.Debug|Any CPU.Build.0 = Debug|Any CPU
		{2C8937C0-EA72-42FE-83C3-76F84F44BAB4}.Release|Any CPU.ActiveCfg = Release|Any CPU
		{2C8937C0-EA72-42FE-83C3-76F84F44BAB4}.Release|Any CPU.Build.0 = Release|Any CPU
		{655B263C-00E2-444B-8444-C86DAC81C1F2}.Debug|Any CPU.ActiveCfg = Debug|Any CPU
		{655B263C-00E2-444B-8444-C86DAC81C1F2}.Debug|Any CPU.Build.0 = Debug|Any CPU
		{655B263C-00E2-444B-8444-C86DAC81C1F2}.Release|Any CPU.ActiveCfg = Release|Any CPU
		{655B263C-00E2-444B-8444-C86DAC81C1F2}.Release|Any CPU.Build.0 = Release|Any CPU
	EndGlobalSection
	GlobalSection(SolutionProperties) = preSolution
		HideSolutionNode = FALSE
	EndGlobalSection
	GlobalSection(ExtensibilityGlobals) = postSolution
		SolutionGuid = {1E9ECF19-9836-4238-BDBE-E1C194FB4BFB}
	EndGlobalSection
EndGlobal
